
Microsoft Visual Studio Solution File, Format Version 12.00
Project("{FAE04EC0-301F-11D3-BF4B-00C04F79EFBC}") = "PuppyXmlEditor.UI", "PuppyXmlEditor.UI\PuppyXmlEditor.UI.csproj", "{601ED517-33F4-400B-9755-4B3A5D8F3737}"
EndProject
Project("{F2A71F9B-5D33-465A-A702-920D77279786}") = "PuppyXmlEditor.Services", "PuppyXmlEditor.Services\PuppyXmlEditor.Services.fsproj", "{B8693484-1BDA-46F2-BDCB-088FBDE88732}"
EndProject
Global
	GlobalSection(SolutionConfigurationPlatforms) = preSolution
		Debug|Any CPU = Debug|Any CPU
		Release|Any CPU = Release|Any CPU
	EndGlobalSection
	GlobalSection(ProjectConfigurationPlatforms) = postSolution
		{601ED517-33F4-400B-9755-4B3A5D8F3737}.Debug|Any CPU.ActiveCfg = Debug|Any CPU
		{601ED517-33F4-400B-9755-4B3A5D8F3737}.Debug|Any CPU.Build.0 = Debug|Any CPU
		{601ED517-33F4-400B-9755-4B3A5D8F3737}.Release|Any CPU.ActiveCfg = Release|Any CPU
		{601ED517-33F4-400B-9755-4B3A5D8F3737}.Release|Any CPU.Build.0 = Release|Any CPU
		{B8693484-1BDA-46F2-BDCB-088FBDE88732}.Debug|Any CPU.ActiveCfg = Debug|Any CPU
		{B8693484-1BDA-46F2-BDCB-088FBDE88732}.Debug|Any CPU.Build.0 = Debug|Any CPU
		{B8693484-1BDA-46F2-BDCB-088FBDE88732}.Release|Any CPU.ActiveCfg = Release|Any CPU
		{B8693484-1BDA-46F2-BDCB-088FBDE88732}.Release|Any CPU.Build.0 = Release|Any CPU
	EndGlobalSection
EndGlobal
